
Microsoft Visual Studio Solution File, Format Version 12.00
# Visual Studio Version 17
VisualStudioVersion = 17.7.34221.43
MinimumVisualStudioVersion = 10.0.40219.1
Project("{FAE04EC0-301F-11D3-BF4B-00C04F79EFBC}") = "C# 13", "C# 13\C# 13.csproj", "{C3989077-E640-48F2-B8F7-7F8A478DEDCD}"
EndProject
Global
	GlobalSection(SolutionConfigurationPlatforms) = preSolution
		Debug|Any CPU = Debug|Any CPU
		Release|Any CPU = Release|Any CPU
	EndGlobalSection
	GlobalSection(ProjectConfigurationPlatforms) = postSolution
		{C3989077-E640-48F2-B8F7-7F8A478DEDCD}.Debug|Any CPU.ActiveCfg = Debug|Any CPU
		{C3989077-E640-48F2-B8F7-7F8A478DEDCD}.Debug|Any CPU.Build.0 = Debug|Any CPU
		{C3989077-E640-48F2-B8F7-7F8A478DEDCD}.Release|Any CPU.ActiveCfg = Release|Any CPU
		{C3989077-E640-48F2-B8F7-7F8A478DEDCD}.Release|Any CPU.Build.0 = Release|Any CPU
	EndGlobalSection
	GlobalSection(SolutionProperties) = preSolution
		HideSolutionNode = FALSE
	EndGlobalSection
	GlobalSection(ExtensibilityGlobals) = postSolution
		SolutionGuid = {A74ED04E-7E3F-493A-B7FF-8CBA7475BB7F}
	EndGlobalSection
EndGlobal
