
Microsoft Visual Studio Solution File, Format Version 12.00
# Visual Studio Version 17
VisualStudioVersion = 17.7.34221.43
MinimumVisualStudioVersion = 10.0.40219.1
Project("{FAE04EC0-301F-11D3-BF4B-00C04F79EFBC}") = "C# 15", "C# 15\C# 15.csproj", "{3723DF6F-40CE-4CDE-89C3-741B2D90D5BB}"
EndProject
Project("{FAE04EC0-301F-11D3-BF4B-00C04F79EFBC}") = "C# 16", "C# 16\C# 16.csproj", "{CBC67C3F-D9F1-4381-B534-9C1DEF6C0E28}"
EndProject
Global
	GlobalSection(SolutionConfigurationPlatforms) = preSolution
		Debug|Any CPU = Debug|Any CPU
		Release|Any CPU = Release|Any CPU
	EndGlobalSection
	GlobalSection(ProjectConfigurationPlatforms) = postSolution
		{3723DF6F-40CE-4CDE-89C3-741B2D90D5BB}.Debug|Any CPU.ActiveCfg = Debug|Any CPU
		{3723DF6F-40CE-4CDE-89C3-741B2D90D5BB}.Debug|Any CPU.Build.0 = Debug|Any CPU
		{3723DF6F-40CE-4CDE-89C3-741B2D90D5BB}.Release|Any CPU.ActiveCfg = Release|Any CPU
		{3723DF6F-40CE-4CDE-89C3-741B2D90D5BB}.Release|Any CPU.Build.0 = Release|Any CPU
		{CBC67C3F-D9F1-4381-B534-9C1DEF6C0E28}.Debug|Any CPU.ActiveCfg = Debug|Any CPU
		{CBC67C3F-D9F1-4381-B534-9C1DEF6C0E28}.Debug|Any CPU.Build.0 = Debug|Any CPU
		{CBC67C3F-D9F1-4381-B534-9C1DEF6C0E28}.Release|Any CPU.ActiveCfg = Release|Any CPU
		{CBC67C3F-D9F1-4381-B534-9C1DEF6C0E28}.Release|Any CPU.Build.0 = Release|Any CPU
	EndGlobalSection
	GlobalSection(SolutionProperties) = preSolution
		HideSolutionNode = FALSE
	EndGlobalSection
	GlobalSection(ExtensibilityGlobals) = postSolution
		SolutionGuid = {412AFF70-9CC7-40B8-8180-8A148389866D}
	EndGlobalSection
EndGlobal
