
Microsoft Visual Studio Solution File, Format Version 12.00
# Visual Studio Version 17
VisualStudioVersion = 17.7.34221.43
MinimumVisualStudioVersion = 10.0.40219.1
Project("{FAE04EC0-301F-11D3-BF4B-00C04F79EFBC}") = "C# 17", "C# 17\C# 17.csproj", "{C89331D8-2446-4AF0-B164-87CB0315FEB4}"
EndProject
Global
	GlobalSection(SolutionConfigurationPlatforms) = preSolution
		Debug|Any CPU = Debug|Any CPU
		Release|Any CPU = Release|Any CPU
	EndGlobalSection
	GlobalSection(ProjectConfigurationPlatforms) = postSolution
		{C89331D8-2446-4AF0-B164-87CB0315FEB4}.Debug|Any CPU.ActiveCfg = Debug|Any CPU
		{C89331D8-2446-4AF0-B164-87CB0315FEB4}.Debug|Any CPU.Build.0 = Debug|Any CPU
		{C89331D8-2446-4AF0-B164-87CB0315FEB4}.Release|Any CPU.ActiveCfg = Release|Any CPU
		{C89331D8-2446-4AF0-B164-87CB0315FEB4}.Release|Any CPU.Build.0 = Release|Any CPU
	EndGlobalSection
	GlobalSection(SolutionProperties) = preSolution
		HideSolutionNode = FALSE
	EndGlobalSection
	GlobalSection(ExtensibilityGlobals) = postSolution
		SolutionGuid = {FC8BAE30-D761-494A-A500-8F81356158AC}
	EndGlobalSection
EndGlobal
