
Microsoft Visual Studio Solution File, Format Version 12.00
# Visual Studio Version 17
VisualStudioVersion = 17.7.34221.43
MinimumVisualStudioVersion = 10.0.40219.1
Project("{FAE04EC0-301F-11D3-BF4B-00C04F79EFBC}") = "C# 22", "C# 22\C# 22.csproj", "{BC15E3A6-947A-4F06-97F1-6D9DD71B1A9B}"
EndProject
Global
	GlobalSection(SolutionConfigurationPlatforms) = preSolution
		Debug|Any CPU = Debug|Any CPU
		Release|Any CPU = Release|Any CPU
	EndGlobalSection
	GlobalSection(ProjectConfigurationPlatforms) = postSolution
		{BC15E3A6-947A-4F06-97F1-6D9DD71B1A9B}.Debug|Any CPU.ActiveCfg = Debug|Any CPU
		{BC15E3A6-947A-4F06-97F1-6D9DD71B1A9B}.Debug|Any CPU.Build.0 = Debug|Any CPU
		{BC15E3A6-947A-4F06-97F1-6D9DD71B1A9B}.Release|Any CPU.ActiveCfg = Release|Any CPU
		{BC15E3A6-947A-4F06-97F1-6D9DD71B1A9B}.Release|Any CPU.Build.0 = Release|Any CPU
	EndGlobalSection
	GlobalSection(SolutionProperties) = preSolution
		HideSolutionNode = FALSE
	EndGlobalSection
	GlobalSection(ExtensibilityGlobals) = postSolution
		SolutionGuid = {BFCA0368-39B9-43F6-AB1D-D22E4D7B77C6}
	EndGlobalSection
EndGlobal
