
Microsoft Visual Studio Solution File, Format Version 12.00
# Visual Studio Version 17
VisualStudioVersion = 17.7.34202.233
MinimumVisualStudioVersion = 10.0.40219.1
Project("{FAE04EC0-301F-11D3-BF4B-00C04F79EFBC}") = "C# 3", "C# 3\C# 3.csproj", "{8FCF80F3-C627-4FC3-91C6-70A49DC452D8}"
EndProject
Global
	GlobalSection(SolutionConfigurationPlatforms) = preSolution
		Debug|Any CPU = Debug|Any CPU
		Release|Any CPU = Release|Any CPU
	EndGlobalSection
	GlobalSection(ProjectConfigurationPlatforms) = postSolution
		{8FCF80F3-C627-4FC3-91C6-70A49DC452D8}.Debug|Any CPU.ActiveCfg = Debug|Any CPU
		{8FCF80F3-C627-4FC3-91C6-70A49DC452D8}.Debug|Any CPU.Build.0 = Debug|Any CPU
		{8FCF80F3-C627-4FC3-91C6-70A49DC452D8}.Release|Any CPU.ActiveCfg = Release|Any CPU
		{8FCF80F3-C627-4FC3-91C6-70A49DC452D8}.Release|Any CPU.Build.0 = Release|Any CPU
	EndGlobalSection
	GlobalSection(SolutionProperties) = preSolution
		HideSolutionNode = FALSE
	EndGlobalSection
	GlobalSection(ExtensibilityGlobals) = postSolution
		SolutionGuid = {562435C3-04E1-4367-A9E1-848C43042128}
	EndGlobalSection
EndGlobal
